
Microsoft Visual Studio Solution File, Format Version 12.00
# Visual Studio 15
VisualStudioVersion = 15.0.28307.1022
MinimumVisualStudioVersion = 10.0.40219.1
Project("{FAE04EC0-301F-11D3-BF4B-00C04F79EFBC}") = "SimplewebBroser", "SimplewebBroser\SimplewebBroser.csproj", "{E209A5A4-B2A9-4DBF-B7AA-B052B9CA887B}"
EndProject
Global
	GlobalSection(SolutionConfigurationPlatforms) = preSolution
		Debug|Any CPU = Debug|Any CPU
		Release|Any CPU = Release|Any CPU
	EndGlobalSection
	GlobalSection(ProjectConfigurationPlatforms) = postSolution
		{E209A5A4-B2A9-4DBF-B7AA-B052B9CA887B}.Debug|Any CPU.ActiveCfg = Debug|Any CPU
		{E209A5A4-B2A9-4DBF-B7AA-B052B9CA887B}.Debug|Any CPU.Build.0 = Debug|Any CPU
		{E209A5A4-B2A9-4DBF-B7AA-B052B9CA887B}.Release|Any CPU.ActiveCfg = Release|Any CPU
		{E209A5A4-B2A9-4DBF-B7AA-B052B9CA887B}.Release|Any CPU.Build.0 = Release|Any CPU
	EndGlobalSection
	GlobalSection(SolutionProperties) = preSolution
		HideSolutionNode = FALSE
	EndGlobalSection
	GlobalSection(ExtensibilityGlobals) = postSolution
		SolutionGuid = {569F9C2B-5B4B-410E-B83D-7739755A1C4F}
	EndGlobalSection
EndGlobal
